
Microsoft Visual Studio Solution File, Format Version 12.00
# Visual Studio 14
VisualStudioVersion = 14.0.24720.0
MinimumVisualStudioVersion = 10.0.40219.1
Project("{FAE04EC0-301F-11D3-BF4B-00C04F79EFBC}") = "EntityFramework.PrimaryKey", "EntityFramework.PrimaryKey\EntityFramework.PrimaryKey.csproj", "{67F49BD8-F4EE-43BE-949F-27DF2A172E11}"
EndProject
Project("{FAE04EC0-301F-11D3-BF4B-00C04F79EFBC}") = "Tests", "Tests\Tests.csproj", "{64C19EA6-B7D4-4A20-A865-A60F4CF11301}"
EndProject
Global
	GlobalSection(SolutionConfigurationPlatforms) = preSolution
		Debug|Any CPU = Debug|Any CPU
		Release|Any CPU = Release|Any CPU
	EndGlobalSection
	GlobalSection(ProjectConfigurationPlatforms) = postSolution
		{67F49BD8-F4EE-43BE-949F-27DF2A172E11}.Debug|Any CPU.ActiveCfg = Debug|Any CPU
		{67F49BD8-F4EE-43BE-949F-27DF2A172E11}.Debug|Any CPU.Build.0 = Debug|Any CPU
		{67F49BD8-F4EE-43BE-949F-27DF2A172E11}.Release|Any CPU.ActiveCfg = Release|Any CPU
		{67F49BD8-F4EE-43BE-949F-27DF2A172E11}.Release|Any CPU.Build.0 = Release|Any CPU
		{64C19EA6-B7D4-4A20-A865-A60F4CF11301}.Debug|Any CPU.ActiveCfg = Debug|Any CPU
		{64C19EA6-B7D4-4A20-A865-A60F4CF11301}.Debug|Any CPU.Build.0 = Debug|Any CPU
		{64C19EA6-B7D4-4A20-A865-A60F4CF11301}.Release|Any CPU.ActiveCfg = Release|Any CPU
		{64C19EA6-B7D4-4A20-A865-A60F4CF11301}.Release|Any CPU.Build.0 = Release|Any CPU
	EndGlobalSection
	GlobalSection(SolutionProperties) = preSolution
		HideSolutionNode = FALSE
	EndGlobalSection
EndGlobal
